
Microsoft Visual Studio Solution File, Format Version 12.00
# Visual Studio Version 17
VisualStudioVersion = 17.1.32414.318
MinimumVisualStudioVersion = 10.0.40219.1
Project("{FAE04EC0-301F-11D3-BF4B-00C04F79EFBC}") = "EPBM", "EPBM\EPBM.csproj", "{4A409FE9-3257-47E7-8AE3-E61D6A076D63}"
EndProject
Global
	GlobalSection(SolutionConfigurationPlatforms) = preSolution
		Debug|Any CPU = Debug|Any CPU
		Release|Any CPU = Release|Any CPU
	EndGlobalSection
	GlobalSection(ProjectConfigurationPlatforms) = postSolution
		{4A409FE9-3257-47E7-8AE3-E61D6A076D63}.Debug|Any CPU.ActiveCfg = Debug|Any CPU
		{4A409FE9-3257-47E7-8AE3-E61D6A076D63}.Debug|Any CPU.Build.0 = Debug|Any CPU
		{4A409FE9-3257-47E7-8AE3-E61D6A076D63}.Release|Any CPU.ActiveCfg = Release|Any CPU
		{4A409FE9-3257-47E7-8AE3-E61D6A076D63}.Release|Any CPU.Build.0 = Release|Any CPU
	EndGlobalSection
	GlobalSection(SolutionProperties) = preSolution
		HideSolutionNode = FALSE
	EndGlobalSection
	GlobalSection(ExtensibilityGlobals) = postSolution
		SolutionGuid = {0B85905B-914A-438B-8EDD-B1524F80E982}
	EndGlobalSection
EndGlobal
